// !$*UTF8*$!
{
	archiveVersion = 1;
	classes = {
	};
	objectVersion = 50;
	objects = {

/* Begin PBXBuildFile section */
		2BAAB8E021DD73A400FA080E /* TootDB.swift in Sources */ = {isa = PBXBuildFile; fileRef = 2BAAB8DF21DD73A400FA080E /* TootDB.swift */; };
		2BCECE0221DD61CC0038A0C7 /* AppDelegate.swift in Sources */ = {isa = PBXBuildFile; fileRef = 2BCECE0121DD61CC0038A0C7 /* AppDelegate.swift */; };
		2BCECE0421DD61CC0038A0C7 /* ViewController.swift in Sources */ = {isa = PBXBuildFile; fileRef = 2BCECE0321DD61CC0038A0C7 /* ViewController.swift */; };
		2BCECE0721DD61CD0038A0C7 /* Main.storyboard in Resources */ = {isa = PBXBuildFile; fileRef = 2BCECE0521DD61CD0038A0C7 /* Main.storyboard */; };
		2BCECE0921DD61CF0038A0C7 /* Assets.xcassets in Resources */ = {isa = PBXBuildFile; fileRef = 2BCECE0821DD61CF0038A0C7 /* Assets.xcassets */; };
		2BCECE0C21DD61CF0038A0C7 /* LaunchScreen.storyboard in Resources */ = {isa = PBXBuildFile; fileRef = 2BCECE0A21DD61CF0038A0C7 /* LaunchScreen.storyboard */; };
		65B8A263E26AE140CE4A9B3F /* Pods_toot.framework in Frameworks */ = {isa = PBXBuildFile; fileRef = B623B9B2D5E960FB3283134E /* Pods_toot.framework */; };
/* End PBXBuildFile section */

/* Begin PBXFileReference section */
		2BAAB8DF21DD73A400FA080E /* TootDB.swift */ = {isa = PBXFileReference; lastKnownFileType = sourcecode.swift; path = TootDB.swift; sourceTree = "<group>"; };
		2BCECDFE21DD61CC0038A0C7 /* toot.app */ = {isa = PBXFileReference; explicitFileType = wrapper.application; includeInIndex = 0; path = toot.app; sourceTree = BUILT_PRODUCTS_DIR; };
		2BCECE0121DD61CC0038A0C7 /* AppDelegate.swift */ = {isa = PBXFileReference; lastKnownFileType = sourcecode.swift; path = AppDelegate.swift; sourceTree = "<group>"; };
		2BCECE0321DD61CC0038A0C7 /* ViewController.swift */ = {isa = PBXFileReference; lastKnownFileType = sourcecode.swift; path = ViewController.swift; sourceTree = "<group>"; };
		2BCECE0621DD61CD0038A0C7 /* Base */ = {isa = PBXFileReference; lastKnownFileType = file.storyboard; name = Base; path = Base.lproj/Main.storyboard; sourceTree = "<group>"; };
		2BCECE0821DD61CF0038A0C7 /* Assets.xcassets */ = {isa = PBXFileReference; lastKnownFileType = folder.assetcatalog; path = Assets.xcassets; sourceTree = "<group>"; };
		2BCECE0B21DD61CF0038A0C7 /* Base */ = {isa = PBXFileReference; lastKnownFileType = file.storyboard; name = Base; path = Base.lproj/LaunchScreen.storyboard; sourceTree = "<group>"; };
		2BCECE0D21DD61CF0038A0C7 /* Info.plist */ = {isa = PBXFileReference; lastKnownFileType = text.plist.xml; path = Info.plist; sourceTree = "<group>"; };
		4C89908175EF080AB87E4E7B /* Pods-toot.debug.xcconfig */ = {isa = PBXFileReference; includeInIndex = 1; lastKnownFileType = text.xcconfig; name = "Pods-toot.debug.xcconfig"; path = "Pods/Target Support Files/Pods-toot/Pods-toot.debug.xcconfig"; sourceTree = "<group>"; };
		ABC4054E5D01A7F44739A2B3 /* Pods-toot.release.xcconfig */ = {isa = PBXFileReference; includeInIndex = 1; lastKnownFileType = text.xcconfig; name = "Pods-toot.release.xcconfig"; path = "Pods/Target Support Files/Pods-toot/Pods-toot.release.xcconfig"; sourceTree = "<group>"; };
		B623B9B2D5E960FB3283134E /* Pods_toot.framework */ = {isa = PBXFileReference; explicitFileType = wrapper.framework; includeInIndex = 0; path = Pods_toot.framework; sourceTree = BUILT_PRODUCTS_DIR; };
/* End PBXFileReference section */

/* Begin PBXFrameworksBuildPhase section */
		2BCECDFB21DD61CC0038A0C7 /* Frameworks */ = {
			isa = PBXFrameworksBuildPhase;
			buildActionMask = 2147483647;
			files = (
				65B8A263E26AE140CE4A9B3F /* Pods_toot.framework in Frameworks */,
			);
			runOnlyForDeploymentPostprocessing = 0;
		};
/* End PBXFrameworksBuildPhase section */

/* Begin PBXGroup section */
		2BCECDF521DD61CC0038A0C7 = {
			isa = PBXGroup;
			children = (
				2BCECE0021DD61CC0038A0C7 /* toot */,
				2BCECDFF21DD61CC0038A0C7 /* Products */,
				378932E47D600189DC029090 /* Pods */,
				8ACD658E53C04241BC970B96 /* Frameworks */,
			);
			sourceTree = "<group>";
		};
		2BCECDFF21DD61CC0038A0C7 /* Products */ = {
			isa = PBXGroup;
			children = (
				2BCECDFE21DD61CC0038A0C7 /* toot.app */,
			);
			name = Products;
			sourceTree = "<group>";
		};
		2BCECE0021DD61CC0038A0C7 /* toot */ = {
			isa = PBXGroup;
			children = (
				2BCECE0121DD61CC0038A0C7 /* AppDelegate.swift */,
				2BCECE0321DD61CC0038A0C7 /* ViewController.swift */,
				2BAAB8DF21DD73A400FA080E /* TootDB.swift */,
				2BCECE0521DD61CD0038A0C7 /* Main.storyboard */,
				2BCECE0821DD61CF0038A0C7 /* Assets.xcassets */,
				2BCECE0A21DD61CF0038A0C7 /* LaunchScreen.storyboard */,
				2BCECE0D21DD61CF0038A0C7 /* Info.plist */,
			);
			path = toot;
			sourceTree = "<group>";
		};
		378932E47D600189DC029090 /* Pods */ = {
			isa = PBXGroup;
			children = (
				4C89908175EF080AB87E4E7B /* Pods-toot.debug.xcconfig */,
				ABC4054E5D01A7F44739A2B3 /* Pods-toot.release.xcconfig */,
			);
			name = Pods;
			sourceTree = "<group>";
		};
		8ACD658E53C04241BC970B96 /* Frameworks */ = {
			isa = PBXGroup;
			children = (
				B623B9B2D5E960FB3283134E /* Pods_toot.framework */,
			);
			name = Frameworks;
			sourceTree = "<group>";
		};
/* End PBXGroup section */

/* Begin PBXNativeTarget section */
		2BCECDFD21DD61CC0038A0C7 /* toot */ = {
			isa = PBXNativeTarget;
			buildConfigurationList = 2BCECE1021DD61CF0038A0C7 /* Build configuration list for PBXNativeTarget "toot" */;
			buildPhases = (
				E7731036685BAB0C60C83E87 /* [CP] Check Pods Manifest.lock */,
				2BCECDFA21DD61CC0038A0C7 /* Sources */,
				2BCECDFB21DD61CC0038A0C7 /* Frameworks */,
				2BCECDFC21DD61CC0038A0C7 /* Resources */,
				42FA0836685C30BFAFBA8906 /* [CP] Embed Pods Frameworks */,
			);
			buildRules = (
			);
			dependencies = (
			);
			name = toot;
			productName = toot;
			productReference = 2BCECDFE21DD61CC0038A0C7 /* toot.app */;
			productType = "com.apple.product-type.application";
		};
/* End PBXNativeTarget section */

/* Begin PBXProject section */
		2BCECDF621DD61CC0038A0C7 /* Project object */ = {
			isa = PBXProject;
			attributes = {
				LastSwiftUpdateCheck = 1010;
				LastUpgradeCheck = 1010;
				ORGANIZATIONNAME = "ryosuke kubo";
				TargetAttributes = {
					2BCECDFD21DD61CC0038A0C7 = {
						CreatedOnToolsVersion = 10.1;
					};
				};
			};
			buildConfigurationList = 2BCECDF921DD61CC0038A0C7 /* Build configuration list for PBXProject "toot" */;
			compatibilityVersion = "Xcode 9.3";
			developmentRegion = en;
			hasScannedForEncodings = 0;
			knownRegions = (
				en,
				Base,
			);
			mainGroup = 2BCECDF521DD61CC0038A0C7;
			productRefGroup = 2BCECDFF21DD61CC0038A0C7 /* Products */;
			projectDirPath = "";
			projectRoot = "";
			targets = (
				2BCECDFD21DD61CC0038A0C7 /* toot */,
			);
		};
/* End PBXProject section */

/* Begin PBXResourcesBuildPhase section */
		2BCECDFC21DD61CC0038A0C7 /* Resources */ = {
			isa = PBXResourcesBuildPhase;
			buildActionMask = 2147483647;
			files = (
				2BCECE0C21DD61CF0038A0C7 /* LaunchScreen.storyboard in Resources */,
				2BCECE0921DD61CF0038A0C7 /* Assets.xcassets in Resources */,
				2BCECE0721DD61CD0038A0C7 /* Main.storyboard in Resources */,
			);
			runOnlyForDeploymentPostprocessing = 0;
		};
/* End PBXResourcesBuildPhase section */

/* Begin PBXShellScriptBuildPhase section */
		42FA0836685C30BFAFBA8906 /* [CP] Embed Pods Frameworks */ = {
			isa = PBXShellScriptBuildPhase;
			buildActionMask = 2147483647;
			files = (
			);
			inputFileListPaths = (
			);
			inputPaths = (
				"${SRCROOT}/Pods/Target Support Files/Pods-toot/Pods-toot-frameworks.sh",
				"${BUILT_PRODUCTS_DIR}/Realm/Realm.framework",
				"${BUILT_PRODUCTS_DIR}/RealmSwift/RealmSwift.framework",
			);
			name = "[CP] Embed Pods Frameworks";
			outputFileListPaths = (
			);
			outputPaths = (
				"${TARGET_BUILD_DIR}/${FRAMEWORKS_FOLDER_PATH}/Realm.framework",
				"${TARGET_BUILD_DIR}/${FRAMEWORKS_FOLDER_PATH}/RealmSwift.framework",
			);
			runOnlyForDeploymentPostprocessing = 0;
			shellPath = /bin/sh;
			shellScript = "\"${SRCROOT}/Pods/Target Support Files/Pods-toot/Pods-toot-frameworks.sh\"\n";
			showEnvVarsInLog = 0;
		};
		E7731036685BAB0C60C83E87 /* [CP] Check Pods Manifest.lock */ = {
			isa = PBXShellScriptBuildPhase;
			buildActionMask = 2147483647;
			files = (
			);
			inputFileListPaths = (
			);
			inputPaths = (
				"${PODS_PODFILE_DIR_PATH}/Podfile.lock",
				"${PODS_ROOT}/Manifest.lock",
			);
			name = "[CP] Check Pods Manifest.lock";
			outputFileListPaths = (
			);
			outputPaths = (
				"$(DERIVED_FILE_DIR)/Pods-toot-checkManifestLockResult.txt",
			);
			runOnlyForDeploymentPostprocessing = 0;
			shellPath = /bin/sh;
			shellScript = "diff \"${PODS_PODFILE_DIR_PATH}/Podfile.lock\" \"${PODS_ROOT}/Manifest.lock\" > /dev/null\nif [ $? != 0 ] ; then\n    # print error to STDERR\n    echo \"error: The sandbox is not in sync with the Podfile.lock. Run 'pod install' or update your CocoaPods installation.\" >&2\n    exit 1\nfi\n# This output is used by Xcode 'outputs' to avoid re-running this script phase.\necho \"SUCCESS\" > \"${SCRIPT_OUTPUT_FILE_0}\"\n";
			showEnvVarsInLog = 0;
		};
/* End PBXShellScriptBuildPhase section */

/* Begin PBXSourcesBuildPhase section */
		2BCECDFA21DD61CC0038A0C7 /* Sources */ = {
			isa = PBXSourcesBuildPhase;
			buildActionMask = 2147483647;
			files = (
				2BCECE0421DD61CC0038A0C7 /* ViewController.swift in Sources */,
				2BAAB8E021DD73A400FA080E /* TootDB.swift in Sources */,
				2BCECE0221DD61CC0038A0C7 /* AppDelegate.swift in Sources */,
			);
			runOnlyForDeploymentPostprocessing = 0;
		};
/* End PBXSourcesBuildPhase section */

/* Begin PBXVariantGroup section */
		2BCECE0521DD61CD0038A0C7 /* Main.storyboard */ = {
			isa = PBXVariantGroup;
			children = (
				2BCECE0621DD61CD0038A0C7 /* Base */,
			);
			name = Main.storyboard;
			sourceTree = "<group>";
		};
		2BCECE0A21DD61CF0038A0C7 /* LaunchScreen.storyboard */ = {
			isa = PBXVariantGroup;
			children = (
				2BCECE0B21DD61CF0038A0C7 /* Base */,
			);
			name = LaunchScreen.storyboard;
			sourceTree = "<group>";
		};
/* End PBXVariantGroup section */

/* Begin XCBuildConfiguration section */
		2BCECE0E21DD61CF0038A0C7 /* Debug */ = {
			isa = XCBuildConfiguration;
			buildSettings = {
				ALWAYS_SEARCH_USER_PATHS = NO;
				CLANG_ANALYZER_NONNULL = YES;
				CLANG_ANALYZER_NUMBER_OBJECT_CONVERSION = YES_AGGRESSIVE;
				CLANG_CXX_LANGUAGE_STANDARD = "gnu++14";
				CLANG_CXX_LIBRARY = "libc++";
				CLANG_ENABLE_MODULES = YES;
				CLANG_ENABLE_OBJC_ARC = YES;
				CLANG_ENABLE_OBJC_WEAK = YES;
				CLANG_WARN_BLOCK_CAPTURE_AUTORELEASING = YES;
				CLANG_WARN_BOOL_CONVERSION = YES;
				CLANG_WARN_COMMA = YES;
				CLANG_WARN_CONSTANT_CONVERSION = YES;
				CLANG_WARN_DEPRECATED_OBJC_IMPLEMENTATIONS = YES;
				CLANG_WARN_DIRECT_OBJC_ISA_USAGE = YES_ERROR;
				CLANG_WARN_DOCUMENTATION_COMMENTS = YES;
				CLANG_WARN_EMPTY_BODY = YES;
				CLANG_WARN_ENUM_CONVERSION = YES;
				CLANG_WARN_INFINITE_RECURSION = YES;
				CLANG_WARN_INT_CONVERSION = YES;
				CLANG_WARN_NON_LITERAL_NULL_CONVERSION = YES;
				CLANG_WARN_OBJC_IMPLICIT_RETAIN_SELF = YES;
				CLANG_WARN_OBJC_LITERAL_CONVERSION = YES;
				CLANG_WARN_OBJC_ROOT_CLASS = YES_ERROR;
				CLANG_WARN_RANGE_LOOP_ANALYSIS = YES;
				CLANG_WARN_STRICT_PROTOTYPES = YES;
				CLANG_WARN_SUSPICIOUS_MOVE = YES;
				CLANG_WARN_UNGUARDED_AVAILABILITY = YES_AGGRESSIVE;
				CLANG_WARN_UNREACHABLE_CODE = YES;
				CLANG_WARN__DUPLICATE_METHOD_MATCH = YES;
				CODE_SIGN_IDENTITY = "iPhone Developer";
				COPY_PHASE_STRIP = NO;
				DEBUG_INFORMATION_FORMAT = dwarf;
				ENABLE_STRICT_OBJC_MSGSEND = YES;
				ENABLE_TESTABILITY = YES;
				GCC_C_LANGUAGE_STANDARD = gnu11;
				GCC_DYNAMIC_NO_PIC = NO;
				GCC_NO_COMMON_BLOCKS = YES;
				GCC_OPTIMIZATION_LEVEL = 0;
				GCC_PREPROCESSOR_DEFINITIONS = (
					"DEBUG=1",
					"$(inherited)",
				);
				GCC_WARN_64_TO_32_BIT_CONVERSION = YES;
				GCC_WARN_ABOUT_RETURN_TYPE = YES_ERROR;
				GCC_WARN_UNDECLARED_SELECTOR = YES;
				GCC_WARN_UNINITIALIZED_AUTOS = YES_AGGRESSIVE;
				GCC_WARN_UNUSED_FUNCTION = YES;
				GCC_WARN_UNUSED_VARIABLE = YES;
				IPHONEOS_DEPLOYMENT_TARGET = 12.1;
				MTL_ENABLE_DEBUG_INFO = INCLUDE_SOURCE;
				MTL_FAST_MATH = YES;
				ONLY_ACTIVE_ARCH = YES;
				SDKROOT = iphoneos;
				SWIFT_ACTIVE_COMPILATION_CONDITIONS = DEBUG;
				SWIFT_OPTIMIZATION_LEVEL = "-Onone";
			};
			name = Debug;
		};
		2BCECE0F21DD61CF0038A0C7 /* Release */ = {
			isa = XCBuildConfiguration;
			buildSettings = {
				ALWAYS_SEARCH_USER_PATHS = NO;
				CLANG_ANALYZER_NONNULL = YES;
				CLANG_ANALYZER_NUMBER_OBJECT_CONVERSION = YES_AGGRESSIVE;
				CLANG_CXX_LANGUAGE_STANDARD = "gnu++14";
				CLANG_CXX_LIBRARY = "libc++";
				CLANG_ENABLE_MODULES = YES;
				CLANG_ENABLE_OBJC_ARC = YES;
				CLANG_ENABLE_OBJC_WEAK = YES;
				CLANG_WARN_BLOCK_CAPTURE_AUTORELEASING = YES;
				CLANG_WARN_BOOL_CONVERSION = YES;
				CLANG_WARN_COMMA = YES;
				CLANG_WARN_CONSTANT_CONVERSION = YES;
				CLANG_WARN_DEPRECATED_OBJC_IMPLEMENTATIONS = YES;
				CLANG_WARN_DIRECT_OBJC_ISA_USAGE = YES_ERROR;
				CLANG_WARN_DOCUMENTATION_COMMENTS = YES;
				CLANG_WARN_EMPTY_BODY = YES;
				CLANG_WARN_ENUM_CONVERSION = YES;
				CLANG_WARN_INFINITE_RECURSION = YES;
				CLANG_WARN_INT_CONVERSION = YES;
				CLANG_WARN_NON_LITERAL_NULL_CONVERSION = YES;
				CLANG_WARN_OBJC_IMPLICIT_RETAIN_SELF = YES;
				CLANG_WARN_OBJC_LITERAL_CONVERSION = YES;
				CLANG_WARN_OBJC_ROOT_CLASS = YES_ERROR;
				CLANG_WARN_RANGE_LOOP_ANALYSIS = YES;
				CLANG_WARN_STRICT_PROTOTYPES = YES;
				CLANG_WARN_SUSPICIOUS_MOVE = YES;
				CLANG_WARN_UNGUARDED_AVAILABILITY = YES_AGGRESSIVE;
				CLANG_WARN_UNREACHABLE_CODE = YES;
				CLANG_WARN__DUPLICATE_METHOD_MATCH = YES;
				CODE_SIGN_IDENTITY = "iPhone Developer";
				COPY_PHASE_STRIP = NO;
				DEBUG_INFORMATION_FORMAT = "dwarf-with-dsym";
				ENABLE_NS_ASSERTIONS = NO;
				ENABLE_STRICT_OBJC_MSGSEND = YES;
				GCC_C_LANGUAGE_STANDARD = gnu11;
				GCC_NO_COMMON_BLOCKS = YES;
				GCC_WARN_64_TO_32_BIT_CONVERSION = YES;
				GCC_WARN_ABOUT_RETURN_TYPE = YES_ERROR;
				GCC_WARN_UNDECLARED_SELECTOR = YES;
				GCC_WARN_UNINITIALIZED_AUTOS = YES_AGGRESSIVE;
				GCC_WARN_UNUSED_FUNCTION = YES;
				GCC_WARN_UNUSED_VARIABLE = YES;
				IPHONEOS_DEPLOYMENT_TARGET = 12.1;
				MTL_ENABLE_DEBUG_INFO = NO;
				MTL_FAST_MATH = YES;
				SDKROOT = iphoneos;
				SWIFT_COMPILATION_MODE = wholemodule;
				SWIFT_OPTIMIZATION_LEVEL = "-O";
				VALIDATE_PRODUCT = YES;
			};
			name = Release;
		};
		2BCECE1121DD61CF0038A0C7 /* Debug */ = {
			isa = XCBuildConfiguration;
			baseConfigurationReference = 4C89908175EF080AB87E4E7B /* Pods-toot.debug.xcconfig */;
			buildSettings = {
				ASSETCATALOG_COMPILER_APPICON_NAME = AppIcon;
				CODE_SIGN_STYLE = Automatic;
				DEVELOPMENT_TEAM = 9T539QG34B;
				INFOPLIST_FILE = toot/Info.plist;
				LD_RUNPATH_SEARCH_PATHS = (
					"$(inherited)",
					"@executable_path/Frameworks",
				);
				PRODUCT_BUNDLE_IDENTIFIER = com.ryosuke.toot;
				PRODUCT_NAME = "$(TARGET_NAME)";
				SWIFT_VERSION = 4.2;
				TARGETED_DEVICE_FAMILY = "1,2";
			};
			name = Debug;
		};
		2BCECE1221DD61CF0038A0C7 /* Release */ = {
			isa = XCBuildConfiguration;
			baseConfigurationReference = ABC4054E5D01A7F44739A2B3 /* Pods-toot.release.xcconfig */;
			buildSettings = {
				ASSETCATALOG_COMPILER_APPICON_NAME = AppIcon;
				CODE_SIGN_STYLE = Automatic;
				DEVELOPMENT_TEAM = 9T539QG34B;
				INFOPLIST_FILE = toot/Info.plist;
				LD_RUNPATH_SEARCH_PATHS = (
					"$(inherited)",
					"@executable_path/Frameworks",
				);
				PRODUCT_BUNDLE_IDENTIFIER = com.ryosuke.toot;
				PRODUCT_NAME = "$(TARGET_NAME)";
				SWIFT_VERSION = 4.2;
				TARGETED_DEVICE_FAMILY = "1,2";
			};
			name = Release;
		};
/* End XCBuildConfiguration section */

/* Begin XCConfigurationList section */
		2BCECDF921DD61CC0038A0C7 /* Build configuration list for PBXProject "toot" */ = {
			isa = XCConfigurationList;
			buildConfigurations = (
				2BCECE0E21DD61CF0038A0C7 /* Debug */,
				2BCECE0F21DD61CF0038A0C7 /* Release */,
			);
			defaultConfigurationIsVisible = 0;
			defaultConfigurationName = Release;
		};
		2BCECE1021DD61CF0038A0C7 /* Build configuration list for PBXNativeTarget "toot" */ = {
			isa = XCConfigurationList;
			buildConfigurations = (
				2BCECE1121DD61CF0038A0C7 /* Debug */,
				2BCECE1221DD61CF0038A0C7 /* Release */,
			);
			defaultConfigurationIsVisible = 0;
			defaultConfigurationName = Release;
		};
/* End XCConfigurationList section */
	};
	rootObject = 2BCECDF621DD61CC0038A0C7 /* Project object */;
}
